
Microsoft Visual Studio Solution File, Format Version 12.00
# Visual Studio Version 17
VisualStudioVersion = 17.2.32616.157
MinimumVisualStudioVersion = 10.0.40219.1
Project("{FAE04EC0-301F-11D3-BF4B-00C04F79EFBC}") = "QuestionNo4", "QuestionNo4.csproj", "{939D25B5-A133-43B8-A808-2B06F857D018}"
EndProject
Global
	GlobalSection(SolutionConfigurationPlatforms) = preSolution
		Debug|Any CPU = Debug|Any CPU
		Release|Any CPU = Release|Any CPU
	EndGlobalSection
	GlobalSection(ProjectConfigurationPlatforms) = postSolution
		{939D25B5-A133-43B8-A808-2B06F857D018}.Debug|Any CPU.ActiveCfg = Debug|Any CPU
		{939D25B5-A133-43B8-A808-2B06F857D018}.Debug|Any CPU.Build.0 = Debug|Any CPU
		{939D25B5-A133-43B8-A808-2B06F857D018}.Release|Any CPU.ActiveCfg = Release|Any CPU
		{939D25B5-A133-43B8-A808-2B06F857D018}.Release|Any CPU.Build.0 = Release|Any CPU
	EndGlobalSection
	GlobalSection(SolutionProperties) = preSolution
		HideSolutionNode = FALSE
	EndGlobalSection
	GlobalSection(ExtensibilityGlobals) = postSolution
		SolutionGuid = {8E2614A6-EF21-4AC0-A829-FBD2A6C56407}
	EndGlobalSection
EndGlobal
